// !$*UTF8*$!
{
	archiveVersion = 1;
	classes = {
	};
	objectVersion = 55;
	objects = {

/* Begin PBXBuildFile section */
		19B23EBD416136C6D1528540 /* Pods_EVMaps.framework in Frameworks */ = {isa = PBXBuildFile; fileRef = D397B003F6DC468D77455B7C /* Pods_EVMaps.framework */; };
		AF94C072567BEC905E1C0C59 /* Pods_EVMaps_EVMapsUITests.framework in Frameworks */ = {isa = PBXBuildFile; fileRef = 125D6DB0F094525EA05146C2 /* Pods_EVMaps_EVMapsUITests.framework */; };
		BD410D72281ECB3F0062D3C0 /* AppDelegate.swift in Sources */ = {isa = PBXBuildFile; fileRef = BD410D71281ECB3F0062D3C0 /* AppDelegate.swift */; };
		BD410D74281ECB3F0062D3C0 /* SceneDelegate.swift in Sources */ = {isa = PBXBuildFile; fileRef = BD410D73281ECB3F0062D3C0 /* SceneDelegate.swift */; };
		BD410D76281ECB3F0062D3C0 /* ViewController.swift in Sources */ = {isa = PBXBuildFile; fileRef = BD410D75281ECB3F0062D3C0 /* ViewController.swift */; };
		BD410D79281ECB3F0062D3C0 /* Main.storyboard in Resources */ = {isa = PBXBuildFile; fileRef = BD410D77281ECB3F0062D3C0 /* Main.storyboard */; };
		BD410D7B281ECB3F0062D3C0 /* Assets.xcassets in Resources */ = {isa = PBXBuildFile; fileRef = BD410D7A281ECB3F0062D3C0 /* Assets.xcassets */; };
		BD410D7E281ECB3F0062D3C0 /* LaunchScreen.storyboard in Resources */ = {isa = PBXBuildFile; fileRef = BD410D7C281ECB3F0062D3C0 /* LaunchScreen.storyboard */; };
		BD410D89281ECB3F0062D3C0 /* EVMapsTests.swift in Sources */ = {isa = PBXBuildFile; fileRef = BD410D88281ECB3F0062D3C0 /* EVMapsTests.swift */; };
		BD410D93281ECB400062D3C0 /* EVMapsUITests.swift in Sources */ = {isa = PBXBuildFile; fileRef = BD410D92281ECB400062D3C0 /* EVMapsUITests.swift */; };
		BD410D95281ECB400062D3C0 /* EVMapsUITestsLaunchTests.swift in Sources */ = {isa = PBXBuildFile; fileRef = BD410D94281ECB400062D3C0 /* EVMapsUITestsLaunchTests.swift */; };
		DEA9402EDDFD938BD1D5CDB4 /* Pods_EVMapsTests.framework in Frameworks */ = {isa = PBXBuildFile; fileRef = C7ECCC6A2357ACB22970C22F /* Pods_EVMapsTests.framework */; };
/* End PBXBuildFile section */

/* Begin PBXContainerItemProxy section */
		BD410D85281ECB3F0062D3C0 /* PBXContainerItemProxy */ = {
			isa = PBXContainerItemProxy;
			containerPortal = BD410D66281ECB3F0062D3C0 /* Project object */;
			proxyType = 1;
			remoteGlobalIDString = BD410D6D281ECB3F0062D3C0;
			remoteInfo = EVMaps;
		};
		BD410D8F281ECB400062D3C0 /* PBXContainerItemProxy */ = {
			isa = PBXContainerItemProxy;
			containerPortal = BD410D66281ECB3F0062D3C0 /* Project object */;
			proxyType = 1;
			remoteGlobalIDString = BD410D6D281ECB3F0062D3C0;
			remoteInfo = EVMaps;
		};
/* End PBXContainerItemProxy section */

/* Begin PBXFileReference section */
		07FAB396C4DF22A0F3DC6048 /* Pods-EVMaps.debug.xcconfig */ = {isa = PBXFileReference; includeInIndex = 1; lastKnownFileType = text.xcconfig; name = "Pods-EVMaps.debug.xcconfig"; path = "Target Support Files/Pods-EVMaps/Pods-EVMaps.debug.xcconfig"; sourceTree = "<group>"; };
		125D6DB0F094525EA05146C2 /* Pods_EVMaps_EVMapsUITests.framework */ = {isa = PBXFileReference; explicitFileType = wrapper.framework; includeInIndex = 0; path = Pods_EVMaps_EVMapsUITests.framework; sourceTree = BUILT_PRODUCTS_DIR; };
		59C75D1B0B0C5DBC19EFECE7 /* Pods-EVMapsTests.debug.xcconfig */ = {isa = PBXFileReference; includeInIndex = 1; lastKnownFileType = text.xcconfig; name = "Pods-EVMapsTests.debug.xcconfig"; path = "Target Support Files/Pods-EVMapsTests/Pods-EVMapsTests.debug.xcconfig"; sourceTree = "<group>"; };
		5A7B6CCF20834A96DD811F81 /* Pods-EVMaps.release.xcconfig */ = {isa = PBXFileReference; includeInIndex = 1; lastKnownFileType = text.xcconfig; name = "Pods-EVMaps.release.xcconfig"; path = "Target Support Files/Pods-EVMaps/Pods-EVMaps.release.xcconfig"; sourceTree = "<group>"; };
		8F8182892D3FE46617A56E34 /* Pods-EVMaps-EVMapsUITests.release.xcconfig */ = {isa = PBXFileReference; includeInIndex = 1; lastKnownFileType = text.xcconfig; name = "Pods-EVMaps-EVMapsUITests.release.xcconfig"; path = "Target Support Files/Pods-EVMaps-EVMapsUITests/Pods-EVMaps-EVMapsUITests.release.xcconfig"; sourceTree = "<group>"; };
		BD410D6E281ECB3F0062D3C0 /* EVMaps.app */ = {isa = PBXFileReference; explicitFileType = wrapper.application; includeInIndex = 0; path = EVMaps.app; sourceTree = BUILT_PRODUCTS_DIR; };
		BD410D71281ECB3F0062D3C0 /* AppDelegate.swift */ = {isa = PBXFileReference; lastKnownFileType = sourcecode.swift; path = AppDelegate.swift; sourceTree = "<group>"; };
		BD410D73281ECB3F0062D3C0 /* SceneDelegate.swift */ = {isa = PBXFileReference; lastKnownFileType = sourcecode.swift; path = SceneDelegate.swift; sourceTree = "<group>"; };
		BD410D75281ECB3F0062D3C0 /* ViewController.swift */ = {isa = PBXFileReference; lastKnownFileType = sourcecode.swift; path = ViewController.swift; sourceTree = "<group>"; };
		BD410D78281ECB3F0062D3C0 /* Base */ = {isa = PBXFileReference; lastKnownFileType = file.storyboard; name = Base; path = Base.lproj/Main.storyboard; sourceTree = "<group>"; };
		BD410D7A281ECB3F0062D3C0 /* Assets.xcassets */ = {isa = PBXFileReference; lastKnownFileType = folder.assetcatalog; path = Assets.xcassets; sourceTree = "<group>"; };
		BD410D7D281ECB3F0062D3C0 /* Base */ = {isa = PBXFileReference; lastKnownFileType = file.storyboard; name = Base; path = Base.lproj/LaunchScreen.storyboard; sourceTree = "<group>"; };
		BD410D7F281ECB3F0062D3C0 /* Info.plist */ = {isa = PBXFileReference; lastKnownFileType = text.plist.xml; path = Info.plist; sourceTree = "<group>"; };
		BD410D84281ECB3F0062D3C0 /* EVMapsTests.xctest */ = {isa = PBXFileReference; explicitFileType = wrapper.cfbundle; includeInIndex = 0; path = EVMapsTests.xctest; sourceTree = BUILT_PRODUCTS_DIR; };
		BD410D88281ECB3F0062D3C0 /* EVMapsTests.swift */ = {isa = PBXFileReference; lastKnownFileType = sourcecode.swift; path = EVMapsTests.swift; sourceTree = "<group>"; };
		BD410D8E281ECB400062D3C0 /* EVMapsUITests.xctest */ = {isa = PBXFileReference; explicitFileType = wrapper.cfbundle; includeInIndex = 0; path = EVMapsUITests.xctest; sourceTree = BUILT_PRODUCTS_DIR; };
		BD410D92281ECB400062D3C0 /* EVMapsUITests.swift */ = {isa = PBXFileReference; lastKnownFileType = sourcecode.swift; path = EVMapsUITests.swift; sourceTree = "<group>"; };
		BD410D94281ECB400062D3C0 /* EVMapsUITestsLaunchTests.swift */ = {isa = PBXFileReference; lastKnownFileType = sourcecode.swift; path = EVMapsUITestsLaunchTests.swift; sourceTree = "<group>"; };
		C4073221B62CB43882FEE73D /* Pods-EVMaps-EVMapsUITests.debug.xcconfig */ = {isa = PBXFileReference; includeInIndex = 1; lastKnownFileType = text.xcconfig; name = "Pods-EVMaps-EVMapsUITests.debug.xcconfig"; path = "Target Support Files/Pods-EVMaps-EVMapsUITests/Pods-EVMaps-EVMapsUITests.debug.xcconfig"; sourceTree = "<group>"; };
		C7ECCC6A2357ACB22970C22F /* Pods_EVMapsTests.framework */ = {isa = PBXFileReference; explicitFileType = wrapper.framework; includeInIndex = 0; path = Pods_EVMapsTests.framework; sourceTree = BUILT_PRODUCTS_DIR; };
		D397B003F6DC468D77455B7C /* Pods_EVMaps.framework */ = {isa = PBXFileReference; explicitFileType = wrapper.framework; includeInIndex = 0; path = Pods_EVMaps.framework; sourceTree = BUILT_PRODUCTS_DIR; };
		DCD956EC2498EFB6742E9AC1 /* Pods-EVMapsTests.release.xcconfig */ = {isa = PBXFileReference; includeInIndex = 1; lastKnownFileType = text.xcconfig; name = "Pods-EVMapsTests.release.xcconfig"; path = "Target Support Files/Pods-EVMapsTests/Pods-EVMapsTests.release.xcconfig"; sourceTree = "<group>"; };
/* End PBXFileReference section */

/* Begin PBXFrameworksBuildPhase section */
		BD410D6B281ECB3F0062D3C0 /* Frameworks */ = {
			isa = PBXFrameworksBuildPhase;
			buildActionMask = 2147483647;
			files = (
				19B23EBD416136C6D1528540 /* Pods_EVMaps.framework in Frameworks */,
			);
			runOnlyForDeploymentPostprocessing = 0;
		};
		BD410D81281ECB3F0062D3C0 /* Frameworks */ = {
			isa = PBXFrameworksBuildPhase;
			buildActionMask = 2147483647;
			files = (
				DEA9402EDDFD938BD1D5CDB4 /* Pods_EVMapsTests.framework in Frameworks */,
			);
			runOnlyForDeploymentPostprocessing = 0;
		};
		BD410D8B281ECB400062D3C0 /* Frameworks */ = {
			isa = PBXFrameworksBuildPhase;
			buildActionMask = 2147483647;
			files = (
				AF94C072567BEC905E1C0C59 /* Pods_EVMaps_EVMapsUITests.framework in Frameworks */,
			);
			runOnlyForDeploymentPostprocessing = 0;
		};
/* End PBXFrameworksBuildPhase section */

/* Begin PBXGroup section */
		6CC939D205F5625E7A638BB1 /* Pods */ = {
			isa = PBXGroup;
			children = (
				07FAB396C4DF22A0F3DC6048 /* Pods-EVMaps.debug.xcconfig */,
				5A7B6CCF20834A96DD811F81 /* Pods-EVMaps.release.xcconfig */,
				C4073221B62CB43882FEE73D /* Pods-EVMaps-EVMapsUITests.debug.xcconfig */,
				8F8182892D3FE46617A56E34 /* Pods-EVMaps-EVMapsUITests.release.xcconfig */,
				59C75D1B0B0C5DBC19EFECE7 /* Pods-EVMapsTests.debug.xcconfig */,
				DCD956EC2498EFB6742E9AC1 /* Pods-EVMapsTests.release.xcconfig */,
			);
			name = Pods;
			path = Pods;
			sourceTree = "<group>";
		};
		A3E36FF559290EDCFFD09AE7 /* Frameworks */ = {
			isa = PBXGroup;
			children = (
				D397B003F6DC468D77455B7C /* Pods_EVMaps.framework */,
				125D6DB0F094525EA05146C2 /* Pods_EVMaps_EVMapsUITests.framework */,
				C7ECCC6A2357ACB22970C22F /* Pods_EVMapsTests.framework */,
			);
			name = Frameworks;
			sourceTree = "<group>";
		};
		BD410D65281ECB3F0062D3C0 = {
			isa = PBXGroup;
			children = (
				BD410D70281ECB3F0062D3C0 /* EVMaps */,
				BD410D87281ECB3F0062D3C0 /* EVMapsTests */,
				BD410D91281ECB400062D3C0 /* EVMapsUITests */,
				BD410D6F281ECB3F0062D3C0 /* Products */,
				6CC939D205F5625E7A638BB1 /* Pods */,
				A3E36FF559290EDCFFD09AE7 /* Frameworks */,
			);
			sourceTree = "<group>";
		};
		BD410D6F281ECB3F0062D3C0 /* Products */ = {
			isa = PBXGroup;
			children = (
				BD410D6E281ECB3F0062D3C0 /* EVMaps.app */,
				BD410D84281ECB3F0062D3C0 /* EVMapsTests.xctest */,
				BD410D8E281ECB400062D3C0 /* EVMapsUITests.xctest */,
			);
			name = Products;
			sourceTree = "<group>";
		};
		BD410D70281ECB3F0062D3C0 /* EVMaps */ = {
			isa = PBXGroup;
			children = (
				BD410D71281ECB3F0062D3C0 /* AppDelegate.swift */,
				BD410D73281ECB3F0062D3C0 /* SceneDelegate.swift */,
				BD410D75281ECB3F0062D3C0 /* ViewController.swift */,
				BD410D77281ECB3F0062D3C0 /* Main.storyboard */,
				BD410D7A281ECB3F0062D3C0 /* Assets.xcassets */,
				BD410D7C281ECB3F0062D3C0 /* LaunchScreen.storyboard */,
				BD410D7F281ECB3F0062D3C0 /* Info.plist */,
			);
			path = EVMaps;
			sourceTree = "<group>";
		};
		BD410D87281ECB3F0062D3C0 /* EVMapsTests */ = {
			isa = PBXGroup;
			children = (
				BD410D88281ECB3F0062D3C0 /* EVMapsTests.swift */,
			);
			path = EVMapsTests;
			sourceTree = "<group>";
		};
		BD410D91281ECB400062D3C0 /* EVMapsUITests */ = {
			isa = PBXGroup;
			children = (
				BD410D92281ECB400062D3C0 /* EVMapsUITests.swift */,
				BD410D94281ECB400062D3C0 /* EVMapsUITestsLaunchTests.swift */,
			);
			path = EVMapsUITests;
			sourceTree = "<group>";
		};
/* End PBXGroup section */

/* Begin PBXNativeTarget section */
		BD410D6D281ECB3F0062D3C0 /* EVMaps */ = {
			isa = PBXNativeTarget;
			buildConfigurationList = BD410D98281ECB400062D3C0 /* Build configuration list for PBXNativeTarget "EVMaps" */;
			buildPhases = (
				B16128990208776616240335 /* [CP] Check Pods Manifest.lock */,
				BD410D6A281ECB3F0062D3C0 /* Sources */,
				BD410D6B281ECB3F0062D3C0 /* Frameworks */,
				BD410D6C281ECB3F0062D3C0 /* Resources */,
				D71682A226014025ED5E0DCE /* [CP] Embed Pods Frameworks */,
			);
			buildRules = (
			);
			dependencies = (
			);
			name = EVMaps;
			productName = EVMaps;
			productReference = BD410D6E281ECB3F0062D3C0 /* EVMaps.app */;
			productType = "com.apple.product-type.application";
		};
		BD410D83281ECB3F0062D3C0 /* EVMapsTests */ = {
			isa = PBXNativeTarget;
			buildConfigurationList = BD410D9B281ECB400062D3C0 /* Build configuration list for PBXNativeTarget "EVMapsTests" */;
			buildPhases = (
				5F957A5376E81ECD9EDBCEE8 /* [CP] Check Pods Manifest.lock */,
				BD410D80281ECB3F0062D3C0 /* Sources */,
				BD410D81281ECB3F0062D3C0 /* Frameworks */,
				BD410D82281ECB3F0062D3C0 /* Resources */,
			);
			buildRules = (
			);
			dependencies = (
				BD410D86281ECB3F0062D3C0 /* PBXTargetDependency */,
			);
			name = EVMapsTests;
			productName = EVMapsTests;
			productReference = BD410D84281ECB3F0062D3C0 /* EVMapsTests.xctest */;
			productType = "com.apple.product-type.bundle.unit-test";
		};
		BD410D8D281ECB400062D3C0 /* EVMapsUITests */ = {
			isa = PBXNativeTarget;
			buildConfigurationList = BD410D9E281ECB400062D3C0 /* Build configuration list for PBXNativeTarget "EVMapsUITests" */;
			buildPhases = (
				899E370427870AE3E834E600 /* [CP] Check Pods Manifest.lock */,
				BD410D8A281ECB400062D3C0 /* Sources */,
				BD410D8B281ECB400062D3C0 /* Frameworks */,
				BD410D8C281ECB400062D3C0 /* Resources */,
				B47C5C4F46D48F62BD4C371E /* [CP] Embed Pods Frameworks */,
			);
			buildRules = (
			);
			dependencies = (
				BD410D90281ECB400062D3C0 /* PBXTargetDependency */,
			);
			name = EVMapsUITests;
			productName = EVMapsUITests;
			productReference = BD410D8E281ECB400062D3C0 /* EVMapsUITests.xctest */;
			productType = "com.apple.product-type.bundle.ui-testing";
		};
/* End PBXNativeTarget section */

/* Begin PBXProject section */
		BD410D66281ECB3F0062D3C0 /* Project object */ = {
			isa = PBXProject;
			attributes = {
				BuildIndependentTargetsInParallel = 1;
				LastSwiftUpdateCheck = 1320;
				LastUpgradeCheck = 1320;
				TargetAttributes = {
					BD410D6D281ECB3F0062D3C0 = {
						CreatedOnToolsVersion = 13.2.1;
					};
					BD410D83281ECB3F0062D3C0 = {
						CreatedOnToolsVersion = 13.2.1;
						TestTargetID = BD410D6D281ECB3F0062D3C0;
					};
					BD410D8D281ECB400062D3C0 = {
						CreatedOnToolsVersion = 13.2.1;
						TestTargetID = BD410D6D281ECB3F0062D3C0;
					};
				};
			};
			buildConfigurationList = BD410D69281ECB3F0062D3C0 /* Build configuration list for PBXProject "EVMaps" */;
			compatibilityVersion = "Xcode 13.0";
			developmentRegion = en;
			hasScannedForEncodings = 0;
			knownRegions = (
				en,
				Base,
			);
			mainGroup = BD410D65281ECB3F0062D3C0;
			productRefGroup = BD410D6F281ECB3F0062D3C0 /* Products */;
			projectDirPath = "";
			projectRoot = "";
			targets = (
				BD410D6D281ECB3F0062D3C0 /* EVMaps */,
				BD410D83281ECB3F0062D3C0 /* EVMapsTests */,
				BD410D8D281ECB400062D3C0 /* EVMapsUITests */,
			);
		};
/* End PBXProject section */

/* Begin PBXResourcesBuildPhase section */
		BD410D6C281ECB3F0062D3C0 /* Resources */ = {
			isa = PBXResourcesBuildPhase;
			buildActionMask = 2147483647;
			files = (
				BD410D7E281ECB3F0062D3C0 /* LaunchScreen.storyboard in Resources */,
				BD410D7B281ECB3F0062D3C0 /* Assets.xcassets in Resources */,
				BD410D79281ECB3F0062D3C0 /* Main.storyboard in Resources */,
			);
			runOnlyForDeploymentPostprocessing = 0;
		};
		BD410D82281ECB3F0062D3C0 /* Resources */ = {
			isa = PBXResourcesBuildPhase;
			buildActionMask = 2147483647;
			files = (
			);
			runOnlyForDeploymentPostprocessing = 0;
		};
		BD410D8C281ECB400062D3C0 /* Resources */ = {
			isa = PBXResourcesBuildPhase;
			buildActionMask = 2147483647;
			files = (
			);
			runOnlyForDeploymentPostprocessing = 0;
		};
/* End PBXResourcesBuildPhase section */

/* Begin PBXShellScriptBuildPhase section */
		5F957A5376E81ECD9EDBCEE8 /* [CP] Check Pods Manifest.lock */ = {
			isa = PBXShellScriptBuildPhase;
			buildActionMask = 2147483647;
			files = (
			);
			inputFileListPaths = (
			);
			inputPaths = (
				"${PODS_PODFILE_DIR_PATH}/Podfile.lock",
				"${PODS_ROOT}/Manifest.lock",
			);
			name = "[CP] Check Pods Manifest.lock";
			outputFileListPaths = (
			);
			outputPaths = (
				"$(DERIVED_FILE_DIR)/Pods-EVMapsTests-checkManifestLockResult.txt",
			);
			runOnlyForDeploymentPostprocessing = 0;
			shellPath = /bin/sh;
			shellScript = "diff \"${PODS_PODFILE_DIR_PATH}/Podfile.lock\" \"${PODS_ROOT}/Manifest.lock\" > /dev/null\nif [ $? != 0 ] ; then\n    # print error to STDERR\n    echo \"error: The sandbox is not in sync with the Podfile.lock. Run 'pod install' or update your CocoaPods installation.\" >&2\n    exit 1\nfi\n# This output is used by Xcode 'outputs' to avoid re-running this script phase.\necho \"SUCCESS\" > \"${SCRIPT_OUTPUT_FILE_0}\"\n";
			showEnvVarsInLog = 0;
		};
		899E370427870AE3E834E600 /* [CP] Check Pods Manifest.lock */ = {
			isa = PBXShellScriptBuildPhase;
			buildActionMask = 2147483647;
			files = (
			);
			inputFileListPaths = (
			);
			inputPaths = (
				"${PODS_PODFILE_DIR_PATH}/Podfile.lock",
				"${PODS_ROOT}/Manifest.lock",
			);
			name = "[CP] Check Pods Manifest.lock";
			outputFileListPaths = (
			);
			outputPaths = (
				"$(DERIVED_FILE_DIR)/Pods-EVMaps-EVMapsUITests-checkManifestLockResult.txt",
			);
			runOnlyForDeploymentPostprocessing = 0;
			shellPath = /bin/sh;
			shellScript = "diff \"${PODS_PODFILE_DIR_PATH}/Podfile.lock\" \"${PODS_ROOT}/Manifest.lock\" > /dev/null\nif [ $? != 0 ] ; then\n    # print error to STDERR\n    echo \"error: The sandbox is not in sync with the Podfile.lock. Run 'pod install' or update your CocoaPods installation.\" >&2\n    exit 1\nfi\n# This output is used by Xcode 'outputs' to avoid re-running this script phase.\necho \"SUCCESS\" > \"${SCRIPT_OUTPUT_FILE_0}\"\n";
			showEnvVarsInLog = 0;
		};
		B16128990208776616240335 /* [CP] Check Pods Manifest.lock */ = {
			isa = PBXShellScriptBuildPhase;
			buildActionMask = 2147483647;
			files = (
			);
			inputFileListPaths = (
			);
			inputPaths = (
				"${PODS_PODFILE_DIR_PATH}/Podfile.lock",
				"${PODS_ROOT}/Manifest.lock",
			);
			name = "[CP] Check Pods Manifest.lock";
			outputFileListPaths = (
			);
			outputPaths = (
				"$(DERIVED_FILE_DIR)/Pods-EVMaps-checkManifestLockResult.txt",
			);
			runOnlyForDeploymentPostprocessing = 0;
			shellPath = /bin/sh;
			shellScript = "diff \"${PODS_PODFILE_DIR_PATH}/Podfile.lock\" \"${PODS_ROOT}/Manifest.lock\" > /dev/null\nif [ $? != 0 ] ; then\n    # print error to STDERR\n    echo \"error: The sandbox is not in sync with the Podfile.lock. Run 'pod install' or update your CocoaPods installation.\" >&2\n    exit 1\nfi\n# This output is used by Xcode 'outputs' to avoid re-running this script phase.\necho \"SUCCESS\" > \"${SCRIPT_OUTPUT_FILE_0}\"\n";
			showEnvVarsInLog = 0;
		};
		B47C5C4F46D48F62BD4C371E /* [CP] Embed Pods Frameworks */ = {
			isa = PBXShellScriptBuildPhase;
			buildActionMask = 2147483647;
			files = (
			);
			inputFileListPaths = (
				"${PODS_ROOT}/Target Support Files/Pods-EVMaps-EVMapsUITests/Pods-EVMaps-EVMapsUITests-frameworks-${CONFIGURATION}-input-files.xcfilelist",
			);
			name = "[CP] Embed Pods Frameworks";
			outputFileListPaths = (
				"${PODS_ROOT}/Target Support Files/Pods-EVMaps-EVMapsUITests/Pods-EVMaps-EVMapsUITests-frameworks-${CONFIGURATION}-output-files.xcfilelist",
			);
			runOnlyForDeploymentPostprocessing = 0;
			shellPath = /bin/sh;
			shellScript = "\"${PODS_ROOT}/Target Support Files/Pods-EVMaps-EVMapsUITests/Pods-EVMaps-EVMapsUITests-frameworks.sh\"\n";
			showEnvVarsInLog = 0;
		};
		D71682A226014025ED5E0DCE /* [CP] Embed Pods Frameworks */ = {
			isa = PBXShellScriptBuildPhase;
			buildActionMask = 2147483647;
			files = (
			);
			inputFileListPaths = (
				"${PODS_ROOT}/Target Support Files/Pods-EVMaps/Pods-EVMaps-frameworks-${CONFIGURATION}-input-files.xcfilelist",
			);
			name = "[CP] Embed Pods Frameworks";
			outputFileListPaths = (
				"${PODS_ROOT}/Target Support Files/Pods-EVMaps/Pods-EVMaps-frameworks-${CONFIGURATION}-output-files.xcfilelist",
			);
			runOnlyForDeploymentPostprocessing = 0;
			shellPath = /bin/sh;
			shellScript = "\"${PODS_ROOT}/Target Support Files/Pods-EVMaps/Pods-EVMaps-frameworks.sh\"\n";
			showEnvVarsInLog = 0;
		};
/* End PBXShellScriptBuildPhase section */

/* Begin PBXSourcesBuildPhase section */
		BD410D6A281ECB3F0062D3C0 /* Sources */ = {
			isa = PBXSourcesBuildPhase;
			buildActionMask = 2147483647;
			files = (
				BD410D76281ECB3F0062D3C0 /* ViewController.swift in Sources */,
				BD410D72281ECB3F0062D3C0 /* AppDelegate.swift in Sources */,
				BD410D74281ECB3F0062D3C0 /* SceneDelegate.swift in Sources */,
			);
			runOnlyForDeploymentPostprocessing = 0;
		};
		BD410D80281ECB3F0062D3C0 /* Sources */ = {
			isa = PBXSourcesBuildPhase;
			buildActionMask = 2147483647;
			files = (
				BD410D89281ECB3F0062D3C0 /* EVMapsTests.swift in Sources */,
			);
			runOnlyForDeploymentPostprocessing = 0;
		};
		BD410D8A281ECB400062D3C0 /* Sources */ = {
			isa = PBXSourcesBuildPhase;
			buildActionMask = 2147483647;
			files = (
				BD410D95281ECB400062D3C0 /* EVMapsUITestsLaunchTests.swift in Sources */,
				BD410D93281ECB400062D3C0 /* EVMapsUITests.swift in Sources */,
			);
			runOnlyForDeploymentPostprocessing = 0;
		};
/* End PBXSourcesBuildPhase section */

/* Begin PBXTargetDependency section */
		BD410D86281ECB3F0062D3C0 /* PBXTargetDependency */ = {
			isa = PBXTargetDependency;
			target = BD410D6D281ECB3F0062D3C0 /* EVMaps */;
			targetProxy = BD410D85281ECB3F0062D3C0 /* PBXContainerItemProxy */;
		};
		BD410D90281ECB400062D3C0 /* PBXTargetDependency */ = {
			isa = PBXTargetDependency;
			target = BD410D6D281ECB3F0062D3C0 /* EVMaps */;
			targetProxy = BD410D8F281ECB400062D3C0 /* PBXContainerItemProxy */;
		};
/* End PBXTargetDependency section */

/* Begin PBXVariantGroup section */
		BD410D77281ECB3F0062D3C0 /* Main.storyboard */ = {
			isa = PBXVariantGroup;
			children = (
				BD410D78281ECB3F0062D3C0 /* Base */,
			);
			name = Main.storyboard;
			sourceTree = "<group>";
		};
		BD410D7C281ECB3F0062D3C0 /* LaunchScreen.storyboard */ = {
			isa = PBXVariantGroup;
			children = (
				BD410D7D281ECB3F0062D3C0 /* Base */,
			);
			name = LaunchScreen.storyboard;
			sourceTree = "<group>";
		};
/* End PBXVariantGroup section */

/* Begin XCBuildConfiguration section */
		BD410D96281ECB400062D3C0 /* Debug */ = {
			isa = XCBuildConfiguration;
			buildSettings = {
				ALWAYS_SEARCH_USER_PATHS = NO;
				CLANG_ANALYZER_NONNULL = YES;
				CLANG_ANALYZER_NUMBER_OBJECT_CONVERSION = YES_AGGRESSIVE;
				CLANG_CXX_LANGUAGE_STANDARD = "gnu++17";
				CLANG_CXX_LIBRARY = "libc++";
				CLANG_ENABLE_MODULES = YES;
				CLANG_ENABLE_OBJC_ARC = YES;
				CLANG_ENABLE_OBJC_WEAK = YES;
				CLANG_WARN_BLOCK_CAPTURE_AUTORELEASING = YES;
				CLANG_WARN_BOOL_CONVERSION = YES;
				CLANG_WARN_COMMA = YES;
				CLANG_WARN_CONSTANT_CONVERSION = YES;
				CLANG_WARN_DEPRECATED_OBJC_IMPLEMENTATIONS = YES;
				CLANG_WARN_DIRECT_OBJC_ISA_USAGE = YES_ERROR;
				CLANG_WARN_DOCUMENTATION_COMMENTS = YES;
				CLANG_WARN_EMPTY_BODY = YES;
				CLANG_WARN_ENUM_CONVERSION = YES;
				CLANG_WARN_INFINITE_RECURSION = YES;
				CLANG_WARN_INT_CONVERSION = YES;
				CLANG_WARN_NON_LITERAL_NULL_CONVERSION = YES;
				CLANG_WARN_OBJC_IMPLICIT_RETAIN_SELF = YES;
				CLANG_WARN_OBJC_LITERAL_CONVERSION = YES;
				CLANG_WARN_OBJC_ROOT_CLASS = YES_ERROR;
				CLANG_WARN_QUOTED_INCLUDE_IN_FRAMEWORK_HEADER = YES;
				CLANG_WARN_RANGE_LOOP_ANALYSIS = YES;
				CLANG_WARN_STRICT_PROTOTYPES = YES;
				CLANG_WARN_SUSPICIOUS_MOVE = YES;
				CLANG_WARN_UNGUARDED_AVAILABILITY = YES_AGGRESSIVE;
				CLANG_WARN_UNREACHABLE_CODE = YES;
				CLANG_WARN__DUPLICATE_METHOD_MATCH = YES;
				COPY_PHASE_STRIP = NO;
				DEBUG_INFORMATION_FORMAT = dwarf;
				ENABLE_STRICT_OBJC_MSGSEND = YES;
				ENABLE_TESTABILITY = YES;
				GCC_C_LANGUAGE_STANDARD = gnu11;
				GCC_DYNAMIC_NO_PIC = NO;
				GCC_NO_COMMON_BLOCKS = YES;
				GCC_OPTIMIZATION_LEVEL = 0;
				GCC_PREPROCESSOR_DEFINITIONS = (
					"DEBUG=1",
					"$(inherited)",
				);
				GCC_WARN_64_TO_32_BIT_CONVERSION = YES;
				GCC_WARN_ABOUT_RETURN_TYPE = YES_ERROR;
				GCC_WARN_UNDECLARED_SELECTOR = YES;
				GCC_WARN_UNINITIALIZED_AUTOS = YES_AGGRESSIVE;
				GCC_WARN_UNUSED_FUNCTION = YES;
				GCC_WARN_UNUSED_VARIABLE = YES;
				IPHONEOS_DEPLOYMENT_TARGET = 15.2;
				MTL_ENABLE_DEBUG_INFO = INCLUDE_SOURCE;
				MTL_FAST_MATH = YES;
				ONLY_ACTIVE_ARCH = YES;
				SDKROOT = iphoneos;
				SWIFT_ACTIVE_COMPILATION_CONDITIONS = DEBUG;
				SWIFT_OPTIMIZATION_LEVEL = "-Onone";
			};
			name = Debug;
		};
		BD410D97281ECB400062D3C0 /* Release */ = {
			isa = XCBuildConfiguration;
			buildSettings = {
				ALWAYS_SEARCH_USER_PATHS = NO;
				CLANG_ANALYZER_NONNULL = YES;
				CLANG_ANALYZER_NUMBER_OBJECT_CONVERSION = YES_AGGRESSIVE;
				CLANG_CXX_LANGUAGE_STANDARD = "gnu++17";
				CLANG_CXX_LIBRARY = "libc++";
				CLANG_ENABLE_MODULES = YES;
				CLANG_ENABLE_OBJC_ARC = YES;
				CLANG_ENABLE_OBJC_WEAK = YES;
				CLANG_WARN_BLOCK_CAPTURE_AUTORELEASING = YES;
				CLANG_WARN_BOOL_CONVERSION = YES;
				CLANG_WARN_COMMA = YES;
				CLANG_WARN_CONSTANT_CONVERSION = YES;
				CLANG_WARN_DEPRECATED_OBJC_IMPLEMENTATIONS = YES;
				CLANG_WARN_DIRECT_OBJC_ISA_USAGE = YES_ERROR;
				CLANG_WARN_DOCUMENTATION_COMMENTS = YES;
				CLANG_WARN_EMPTY_BODY = YES;
				CLANG_WARN_ENUM_CONVERSION = YES;
				CLANG_WARN_INFINITE_RECURSION = YES;
				CLANG_WARN_INT_CONVERSION = YES;
				CLANG_WARN_NON_LITERAL_NULL_CONVERSION = YES;
				CLANG_WARN_OBJC_IMPLICIT_RETAIN_SELF = YES;
				CLANG_WARN_OBJC_LITERAL_CONVERSION = YES;
				CLANG_WARN_OBJC_ROOT_CLASS = YES_ERROR;
				CLANG_WARN_QUOTED_INCLUDE_IN_FRAMEWORK_HEADER = YES;
				CLANG_WARN_RANGE_LOOP_ANALYSIS = YES;
				CLANG_WARN_STRICT_PROTOTYPES = YES;
				CLANG_WARN_SUSPICIOUS_MOVE = YES;
				CLANG_WARN_UNGUARDED_AVAILABILITY = YES_AGGRESSIVE;
				CLANG_WARN_UNREACHABLE_CODE = YES;
				CLANG_WARN__DUPLICATE_METHOD_MATCH = YES;
				COPY_PHASE_STRIP = NO;
				DEBUG_INFORMATION_FORMAT = "dwarf-with-dsym";
				ENABLE_NS_ASSERTIONS = NO;
				ENABLE_STRICT_OBJC_MSGSEND = YES;
				GCC_C_LANGUAGE_STANDARD = gnu11;
				GCC_NO_COMMON_BLOCKS = YES;
				GCC_WARN_64_TO_32_BIT_CONVERSION = YES;
				GCC_WARN_ABOUT_RETURN_TYPE = YES_ERROR;
				GCC_WARN_UNDECLARED_SELECTOR = YES;
				GCC_WARN_UNINITIALIZED_AUTOS = YES_AGGRESSIVE;
				GCC_WARN_UNUSED_FUNCTION = YES;
				GCC_WARN_UNUSED_VARIABLE = YES;
				IPHONEOS_DEPLOYMENT_TARGET = 15.2;
				MTL_ENABLE_DEBUG_INFO = NO;
				MTL_FAST_MATH = YES;
				SDKROOT = iphoneos;
				SWIFT_COMPILATION_MODE = wholemodule;
				SWIFT_OPTIMIZATION_LEVEL = "-O";
				VALIDATE_PRODUCT = YES;
			};
			name = Release;
		};
		BD410D99281ECB400062D3C0 /* Debug */ = {
			isa = XCBuildConfiguration;
			baseConfigurationReference = 07FAB396C4DF22A0F3DC6048 /* Pods-EVMaps.debug.xcconfig */;
			buildSettings = {
				ASSETCATALOG_COMPILER_APPICON_NAME = AppIcon;
				ASSETCATALOG_COMPILER_GLOBAL_ACCENT_COLOR_NAME = AccentColor;
				CODE_SIGN_STYLE = Automatic;
				CURRENT_PROJECT_VERSION = 1;
				DEVELOPMENT_TEAM = PT3J32LBAU;
				GENERATE_INFOPLIST_FILE = YES;
				INFOPLIST_FILE = EVMaps/Info.plist;
				INFOPLIST_KEY_UIApplicationSupportsIndirectInputEvents = YES;
				INFOPLIST_KEY_UILaunchStoryboardName = LaunchScreen;
				INFOPLIST_KEY_UIMainStoryboardFile = Main;
				INFOPLIST_KEY_UISupportedInterfaceOrientations_iPad = "UIInterfaceOrientationPortrait UIInterfaceOrientationPortraitUpsideDown UIInterfaceOrientationLandscapeLeft UIInterfaceOrientationLandscapeRight";
				INFOPLIST_KEY_UISupportedInterfaceOrientations_iPhone = "UIInterfaceOrientationPortrait UIInterfaceOrientationLandscapeLeft UIInterfaceOrientationLandscapeRight";
				LD_RUNPATH_SEARCH_PATHS = (
					"$(inherited)",
					"@executable_path/Frameworks",
				);
				MARKETING_VERSION = 1.0;
				PRODUCT_BUNDLE_IDENTIFIER = com.entir.EVMaps;
				PRODUCT_NAME = "$(TARGET_NAME)";
				SWIFT_EMIT_LOC_STRINGS = YES;
				SWIFT_VERSION = 5.0;
				TARGETED_DEVICE_FAMILY = "1,2";
			};
			name = Debug;
		};
		BD410D9A281ECB400062D3C0 /* Release */ = {
			isa = XCBuildConfiguration;
			baseConfigurationReference = 5A7B6CCF20834A96DD811F81 /* Pods-EVMaps.release.xcconfig */;
			buildSettings = {
				ASSETCATALOG_COMPILER_APPICON_NAME = AppIcon;
				ASSETCATALOG_COMPILER_GLOBAL_ACCENT_COLOR_NAME = AccentColor;
				CODE_SIGN_STYLE = Automatic;
				CURRENT_PROJECT_VERSION = 1;
				DEVELOPMENT_TEAM = PT3J32LBAU;
				GENERATE_INFOPLIST_FILE = YES;
				INFOPLIST_FILE = EVMaps/Info.plist;
				INFOPLIST_KEY_UIApplicationSupportsIndirectInputEvents = YES;
				INFOPLIST_KEY_UILaunchStoryboardName = LaunchScreen;
				INFOPLIST_KEY_UIMainStoryboardFile = Main;
				INFOPLIST_KEY_UISupportedInterfaceOrientations_iPad = "UIInterfaceOrientationPortrait UIInterfaceOrientationPortraitUpsideDown UIInterfaceOrientationLandscapeLeft UIInterfaceOrientationLandscapeRight";
				INFOPLIST_KEY_UISupportedInterfaceOrientations_iPhone = "UIInterfaceOrientationPortrait UIInterfaceOrientationLandscapeLeft UIInterfaceOrientationLandscapeRight";
				LD_RUNPATH_SEARCH_PATHS = (
					"$(inherited)",
					"@executable_path/Frameworks",
				);
				MARKETING_VERSION = 1.0;
				PRODUCT_BUNDLE_IDENTIFIER = com.entir.EVMaps;
				PRODUCT_NAME = "$(TARGET_NAME)";
				SWIFT_EMIT_LOC_STRINGS = YES;
				SWIFT_VERSION = 5.0;
				TARGETED_DEVICE_FAMILY = "1,2";
			};
			name = Release;
		};
		BD410D9C281ECB400062D3C0 /* Debug */ = {
			isa = XCBuildConfiguration;
			baseConfigurationReference = 59C75D1B0B0C5DBC19EFECE7 /* Pods-EVMapsTests.debug.xcconfig */;
			buildSettings = {
				ALWAYS_EMBED_SWIFT_STANDARD_LIBRARIES = YES;
				BUNDLE_LOADER = "$(TEST_HOST)";
				CODE_SIGN_STYLE = Automatic;
				CURRENT_PROJECT_VERSION = 1;
				DEVELOPMENT_TEAM = PT3J32LBAU;
				GENERATE_INFOPLIST_FILE = YES;
				IPHONEOS_DEPLOYMENT_TARGET = 15.2;
				MARKETING_VERSION = 1.0;
				PRODUCT_BUNDLE_IDENTIFIER = com.entir.EVMapsTests;
				PRODUCT_NAME = "$(TARGET_NAME)";
				SWIFT_EMIT_LOC_STRINGS = NO;
				SWIFT_VERSION = 5.0;
				TARGETED_DEVICE_FAMILY = "1,2";
				TEST_HOST = "$(BUILT_PRODUCTS_DIR)/EVMaps.app/EVMaps";
			};
			name = Debug;
		};
		BD410D9D281ECB400062D3C0 /* Release */ = {
			isa = XCBuildConfiguration;
			baseConfigurationReference = DCD956EC2498EFB6742E9AC1 /* Pods-EVMapsTests.release.xcconfig */;
			buildSettings = {
				ALWAYS_EMBED_SWIFT_STANDARD_LIBRARIES = YES;
				BUNDLE_LOADER = "$(TEST_HOST)";
				CODE_SIGN_STYLE = Automatic;
				CURRENT_PROJECT_VERSION = 1;
				DEVELOPMENT_TEAM = PT3J32LBAU;
				GENERATE_INFOPLIST_FILE = YES;
				IPHONEOS_DEPLOYMENT_TARGET = 15.2;
				MARKETING_VERSION = 1.0;
				PRODUCT_BUNDLE_IDENTIFIER = com.entir.EVMapsTests;
				PRODUCT_NAME = "$(TARGET_NAME)";
				SWIFT_EMIT_LOC_STRINGS = NO;
				SWIFT_VERSION = 5.0;
				TARGETED_DEVICE_FAMILY = "1,2";
				TEST_HOST = "$(BUILT_PRODUCTS_DIR)/EVMaps.app/EVMaps";
			};
			name = Release;
		};
		BD410D9F281ECB400062D3C0 /* Debug */ = {
			isa = XCBuildConfiguration;
			baseConfigurationReference = C4073221B62CB43882FEE73D /* Pods-EVMaps-EVMapsUITests.debug.xcconfig */;
			buildSettings = {
				ALWAYS_EMBED_SWIFT_STANDARD_LIBRARIES = YES;
				CODE_SIGN_STYLE = Automatic;
				CURRENT_PROJECT_VERSION = 1;
				DEVELOPMENT_TEAM = PT3J32LBAU;
				GENERATE_INFOPLIST_FILE = YES;
				MARKETING_VERSION = 1.0;
				PRODUCT_BUNDLE_IDENTIFIER = com.entir.EVMapsUITests;
				PRODUCT_NAME = "$(TARGET_NAME)";
				SWIFT_EMIT_LOC_STRINGS = NO;
				SWIFT_VERSION = 5.0;
				TARGETED_DEVICE_FAMILY = "1,2";
				TEST_TARGET_NAME = EVMaps;
			};
			name = Debug;
		};
		BD410DA0281ECB400062D3C0 /* Release */ = {
			isa = XCBuildConfiguration;
			baseConfigurationReference = 8F8182892D3FE46617A56E34 /* Pods-EVMaps-EVMapsUITests.release.xcconfig */;
			buildSettings = {
				ALWAYS_EMBED_SWIFT_STANDARD_LIBRARIES = YES;
				CODE_SIGN_STYLE = Automatic;
				CURRENT_PROJECT_VERSION = 1;
				DEVELOPMENT_TEAM = PT3J32LBAU;
				GENERATE_INFOPLIST_FILE = YES;
				MARKETING_VERSION = 1.0;
				PRODUCT_BUNDLE_IDENTIFIER = com.entir.EVMapsUITests;
				PRODUCT_NAME = "$(TARGET_NAME)";
				SWIFT_EMIT_LOC_STRINGS = NO;
				SWIFT_VERSION = 5.0;
				TARGETED_DEVICE_FAMILY = "1,2";
				TEST_TARGET_NAME = EVMaps;
			};
			name = Release;
		};
/* End XCBuildConfiguration section */

/* Begin XCConfigurationList section */
		BD410D69281ECB3F0062D3C0 /* Build configuration list for PBXProject "EVMaps" */ = {
			isa = XCConfigurationList;
			buildConfigurations = (
				BD410D96281ECB400062D3C0 /* Debug */,
				BD410D97281ECB400062D3C0 /* Release */,
			);
			defaultConfigurationIsVisible = 0;
			defaultConfigurationName = Release;
		};
		BD410D98281ECB400062D3C0 /* Build configuration list for PBXNativeTarget "EVMaps" */ = {
			isa = XCConfigurationList;
			buildConfigurations = (
				BD410D99281ECB400062D3C0 /* Debug */,
				BD410D9A281ECB400062D3C0 /* Release */,
			);
			defaultConfigurationIsVisible = 0;
			defaultConfigurationName = Release;
		};
		BD410D9B281ECB400062D3C0 /* Build configuration list for PBXNativeTarget "EVMapsTests" */ = {
			isa = XCConfigurationList;
			buildConfigurations = (
				BD410D9C281ECB400062D3C0 /* Debug */,
				BD410D9D281ECB400062D3C0 /* Release */,
			);
			defaultConfigurationIsVisible = 0;
			defaultConfigurationName = Release;
		};
		BD410D9E281ECB400062D3C0 /* Build configuration list for PBXNativeTarget "EVMapsUITests" */ = {
			isa = XCConfigurationList;
			buildConfigurations = (
				BD410D9F281ECB400062D3C0 /* Debug */,
				BD410DA0281ECB400062D3C0 /* Release */,
			);
			defaultConfigurationIsVisible = 0;
			defaultConfigurationName = Release;
		};
/* End XCConfigurationList section */
	};
	rootObject = BD410D66281ECB3F0062D3C0 /* Project object */;
}
